
Microsoft Visual Studio Solution File, Format Version 12.00
# Visual Studio Version 16
VisualStudioVersion = 16.0.29519.181
MinimumVisualStudioVersion = 10.0.40219.1
Project("{FAE04EC0-301F-11D3-BF4B-00C04F79EFBC}") = "WpfDataGridExample", "WpfDataGridExample\WpfDataGridExample.csproj", "{C1791917-33EE-4B0C-841A-E422CB8ACB28}"
EndProject
Global
	GlobalSection(SolutionConfigurationPlatforms) = preSolution
		Debug|Any CPU = Debug|Any CPU
		Release|Any CPU = Release|Any CPU
	EndGlobalSection
	GlobalSection(ProjectConfigurationPlatforms) = postSolution
		{C1791917-33EE-4B0C-841A-E422CB8ACB28}.Debug|Any CPU.ActiveCfg = Debug|Any CPU
		{C1791917-33EE-4B0C-841A-E422CB8ACB28}.Debug|Any CPU.Build.0 = Debug|Any CPU
		{C1791917-33EE-4B0C-841A-E422CB8ACB28}.Release|Any CPU.ActiveCfg = Release|Any CPU
		{C1791917-33EE-4B0C-841A-E422CB8ACB28}.Release|Any CPU.Build.0 = Release|Any CPU
	EndGlobalSection
	GlobalSection(SolutionProperties) = preSolution
		HideSolutionNode = FALSE
	EndGlobalSection
	GlobalSection(ExtensibilityGlobals) = postSolution
		SolutionGuid = {C2B981E9-7B88-4F77-8117-7160EAFF1A4E}
	EndGlobalSection
EndGlobal
